
Microsoft Visual Studio Solution File, Format Version 12.00
# Visual Studio Version 16
VisualStudioVersion = 16.0.29709.97
MinimumVisualStudioVersion = 10.0.40219.1
Project("{9A19103F-16F7-4668-BE54-9A1E7A4F7556}") = "SIS.HTTP", "SIS.HTTP\SIS.HTTP.csproj", "{5904F8AB-CD8B-436B-B712-2EDE2DBF7CF2}"
EndProject
Project("{9A19103F-16F7-4668-BE54-9A1E7A4F7556}") = "SIS.MvcFramework", "SIS.MvcFramework\SIS.MvcFramework.csproj", "{699AAF4B-02CB-4B0C-A8CA-FC214F169478}"
EndProject
Project("{9A19103F-16F7-4668-BE54-9A1E7A4F7556}") = "DemoApp", "DemoApp\DemoApp.csproj", "{235664D8-0C4C-4EEB-9D2C-8F89757A64F0}"
EndProject
Project("{9A19103F-16F7-4668-BE54-9A1E7A4F7556}") = "SulsApp", "SulsApp\SulsApp.csproj", "{A865D72B-52B1-4944-BCD8-32BAEF06E36E}"
EndProject
Project("{FAE04EC0-301F-11D3-BF4B-00C04F79EFBC}") = "SIS.MvcFramework.Tests", "SIS.MvcFramework.Tests\SIS.MvcFramework.Tests.csproj", "{B758B7E1-62ED-497F-B624-9924CA6F7970}"
EndProject
Global
	GlobalSection(SolutionConfigurationPlatforms) = preSolution
		Debug|Any CPU = Debug|Any CPU
		Release|Any CPU = Release|Any CPU
	EndGlobalSection
	GlobalSection(ProjectConfigurationPlatforms) = postSolution
		{5904F8AB-CD8B-436B-B712-2EDE2DBF7CF2}.Debug|Any CPU.ActiveCfg = Debug|Any CPU
		{5904F8AB-CD8B-436B-B712-2EDE2DBF7CF2}.Debug|Any CPU.Build.0 = Debug|Any CPU
		{5904F8AB-CD8B-436B-B712-2EDE2DBF7CF2}.Release|Any CPU.ActiveCfg = Release|Any CPU
		{5904F8AB-CD8B-436B-B712-2EDE2DBF7CF2}.Release|Any CPU.Build.0 = Release|Any CPU
		{699AAF4B-02CB-4B0C-A8CA-FC214F169478}.Debug|Any CPU.ActiveCfg = Debug|Any CPU
		{699AAF4B-02CB-4B0C-A8CA-FC214F169478}.Debug|Any CPU.Build.0 = Debug|Any CPU
		{699AAF4B-02CB-4B0C-A8CA-FC214F169478}.Release|Any CPU.ActiveCfg = Release|Any CPU
		{699AAF4B-02CB-4B0C-A8CA-FC214F169478}.Release|Any CPU.Build.0 = Release|Any CPU
		{235664D8-0C4C-4EEB-9D2C-8F89757A64F0}.Debug|Any CPU.ActiveCfg = Debug|Any CPU
		{235664D8-0C4C-4EEB-9D2C-8F89757A64F0}.Debug|Any CPU.Build.0 = Debug|Any CPU
		{235664D8-0C4C-4EEB-9D2C-8F89757A64F0}.Release|Any CPU.ActiveCfg = Release|Any CPU
		{235664D8-0C4C-4EEB-9D2C-8F89757A64F0}.Release|Any CPU.Build.0 = Release|Any CPU
		{A865D72B-52B1-4944-BCD8-32BAEF06E36E}.Debug|Any CPU.ActiveCfg = Debug|Any CPU
		{A865D72B-52B1-4944-BCD8-32BAEF06E36E}.Debug|Any CPU.Build.0 = Debug|Any CPU
		{A865D72B-52B1-4944-BCD8-32BAEF06E36E}.Release|Any CPU.ActiveCfg = Release|Any CPU
		{A865D72B-52B1-4944-BCD8-32BAEF06E36E}.Release|Any CPU.Build.0 = Release|Any CPU
		{B758B7E1-62ED-497F-B624-9924CA6F7970}.Debug|Any CPU.ActiveCfg = Debug|Any CPU
		{B758B7E1-62ED-497F-B624-9924CA6F7970}.Debug|Any CPU.Build.0 = Debug|Any CPU
		{B758B7E1-62ED-497F-B624-9924CA6F7970}.Release|Any CPU.ActiveCfg = Release|Any CPU
		{B758B7E1-62ED-497F-B624-9924CA6F7970}.Release|Any CPU.Build.0 = Release|Any CPU
	EndGlobalSection
	GlobalSection(SolutionProperties) = preSolution
		HideSolutionNode = FALSE
	EndGlobalSection
	GlobalSection(ExtensibilityGlobals) = postSolution
		SolutionGuid = {783E4F5D-AF51-425E-8F78-3504A74D05CD}
	EndGlobalSection
EndGlobal
